// !$*UTF8*$!
{
	archiveVersion = 1;
	classes = {
	};
	objectVersion = 51;
	objects = {

/* Begin PBXBuildFile section */
		E06969330130F1AFF7ED164F /* Pods_SwiftProject.framework in Frameworks */ = {isa = PBXBuildFile; fileRef = 3FCE9D2D1BDBC942D57E4327 /* Pods_SwiftProject.framework */; };
		FB4100A3254ACA0E00C3CCA3 /* TabBarViewController.swift in Sources */ = {isa = PBXBuildFile; fileRef = FB4100A2254ACA0E00C3CCA3 /* TabBarViewController.swift */; };
		FB4100B2254ACCD900C3CCA3 /* UBaseViewController.swift in Sources */ = {isa = PBXBuildFile; fileRef = FB4100B1254ACCD900C3CCA3 /* UBaseViewController.swift */; };
		FB4100BB254ACD2000C3CCA3 /* UIColorExtension.swift in Sources */ = {isa = PBXBuildFile; fileRef = FB4100BA254ACD2000C3CCA3 /* UIColorExtension.swift */; };
		FB4100D4254ACF4000C3CCA3 /* HomeViewController.swift in Sources */ = {isa = PBXBuildFile; fileRef = FB4100D3254ACF4000C3CCA3 /* HomeViewController.swift */; };
		FB41FF1A254AB49D00C3CCA3 /* AppDelegate.swift in Sources */ = {isa = PBXBuildFile; fileRef = FB41FF19254AB49D00C3CCA3 /* AppDelegate.swift */; };
		FB41FF1C254AB49D00C3CCA3 /* SceneDelegate.swift in Sources */ = {isa = PBXBuildFile; fileRef = FB41FF1B254AB49D00C3CCA3 /* SceneDelegate.swift */; };
		FB41FF21254AB49D00C3CCA3 /* Main.storyboard in Resources */ = {isa = PBXBuildFile; fileRef = FB41FF1F254AB49D00C3CCA3 /* Main.storyboard */; };
		FB41FF23254AB49E00C3CCA3 /* Assets.xcassets in Resources */ = {isa = PBXBuildFile; fileRef = FB41FF22254AB49E00C3CCA3 /* Assets.xcassets */; };
		FB41FF26254AB49E00C3CCA3 /* LaunchScreen.storyboard in Resources */ = {isa = PBXBuildFile; fileRef = FB41FF24254AB49E00C3CCA3 /* LaunchScreen.storyboard */; };
		FB41FF31254AB49E00C3CCA3 /* SwiftProjectTests.swift in Sources */ = {isa = PBXBuildFile; fileRef = FB41FF30254AB49E00C3CCA3 /* SwiftProjectTests.swift */; };
		FB41FF3C254AB49E00C3CCA3 /* SwiftProjectUITests.swift in Sources */ = {isa = PBXBuildFile; fileRef = FB41FF3B254AB49E00C3CCA3 /* SwiftProjectUITests.swift */; };
		FB8E9A59254AD29900C96094 /* CategoryController.swift in Sources */ = {isa = PBXBuildFile; fileRef = FB8E9A58254AD29900C96094 /* CategoryController.swift */; };
		FB8E9A63254AD2B500C96094 /* MineViewController.swift in Sources */ = {isa = PBXBuildFile; fileRef = FB8E9A62254AD2B500C96094 /* MineViewController.swift */; };
		FB8E9A6B254AD2C000C96094 /* BookShelfViewController.swift in Sources */ = {isa = PBXBuildFile; fileRef = FB8E9A6A254AD2C000C96094 /* BookShelfViewController.swift */; };
		FB8E9A96254BA92700C96094 /* UPageViewController.swift in Sources */ = {isa = PBXBuildFile; fileRef = FB8E9A95254BA92700C96094 /* UPageViewController.swift */; };
		FB8E9A9B254BE1F900C96094 /* UNavigationViewController.swift in Sources */ = {isa = PBXBuildFile; fileRef = FB8E9A9A254BE1F900C96094 /* UNavigationViewController.swift */; };
		FB8E9AB6254BFCB500C96094 /* UBoutiqueListViewController.swift in Sources */ = {isa = PBXBuildFile; fileRef = FB8E9AB5254BFCB500C96094 /* UBoutiqueListViewController.swift */; };
		FB8E9ABB254BFCC100C96094 /* UVIPListViewController.swift in Sources */ = {isa = PBXBuildFile; fileRef = FB8E9ABA254BFCC100C96094 /* UVIPListViewController.swift */; };
		FB8E9AC0254BFCD300C96094 /* USubscibeListViewController.swift in Sources */ = {isa = PBXBuildFile; fileRef = FB8E9ABF254BFCD300C96094 /* USubscibeListViewController.swift */; };
		FB8E9AC5254BFCDE00C96094 /* URankListViewController.swift in Sources */ = {isa = PBXBuildFile; fileRef = FB8E9AC4254BFCDE00C96094 /* URankListViewController.swift */; };
		FB8E9ACA254BFEDF00C96094 /* UCollectListViewController.swift in Sources */ = {isa = PBXBuildFile; fileRef = FB8E9AC9254BFEDF00C96094 /* UCollectListViewController.swift */; };
		FB8E9ACF254BFF0C00C96094 /* UDocumentListViewController.swift in Sources */ = {isa = PBXBuildFile; fileRef = FB8E9ACE254BFF0C00C96094 /* UDocumentListViewController.swift */; };
		FB8E9AD4254BFF1900C96094 /* UDownloadListViewController.swift in Sources */ = {isa = PBXBuildFile; fileRef = FB8E9AD3254BFF1900C96094 /* UDownloadListViewController.swift */; };
		FB8E9ADA254C0B0500C96094 /* Global.swift in Sources */ = {isa = PBXBuildFile; fileRef = FB8E9AD9254C0B0500C96094 /* Global.swift */; };
		FB8E9AE1254C0D9500C96094 /* URefresh.swift in Sources */ = {isa = PBXBuildFile; fileRef = FB8E9AE0254C0D9500C96094 /* URefresh.swift */; };
		FB8E9AEB254C17E200C96094 /* UAPI.swift in Sources */ = {isa = PBXBuildFile; fileRef = FB8E9AEA254C17E200C96094 /* UAPI.swift */; };
/* End PBXBuildFile section */

/* Begin PBXContainerItemProxy section */
		FB41FF2D254AB49E00C3CCA3 /* PBXContainerItemProxy */ = {
			isa = PBXContainerItemProxy;
			containerPortal = FB41FF0E254AB49D00C3CCA3 /* Project object */;
			proxyType = 1;
			remoteGlobalIDString = FB41FF15254AB49D00C3CCA3;
			remoteInfo = SwiftProject;
		};
		FB41FF38254AB49E00C3CCA3 /* PBXContainerItemProxy */ = {
			isa = PBXContainerItemProxy;
			containerPortal = FB41FF0E254AB49D00C3CCA3 /* Project object */;
			proxyType = 1;
			remoteGlobalIDString = FB41FF15254AB49D00C3CCA3;
			remoteInfo = SwiftProject;
		};
/* End PBXContainerItemProxy section */

/* Begin PBXFileReference section */
		0F4E60C374F5749581C45A3E /* Pods-SwiftProject.debug.xcconfig */ = {isa = PBXFileReference; includeInIndex = 1; lastKnownFileType = text.xcconfig; name = "Pods-SwiftProject.debug.xcconfig"; path = "Target Support Files/Pods-SwiftProject/Pods-SwiftProject.debug.xcconfig"; sourceTree = "<group>"; };
		3799D3F16F34A21FBC5D2A64 /* Pods-SwiftProject.release.xcconfig */ = {isa = PBXFileReference; includeInIndex = 1; lastKnownFileType = text.xcconfig; name = "Pods-SwiftProject.release.xcconfig"; path = "Target Support Files/Pods-SwiftProject/Pods-SwiftProject.release.xcconfig"; sourceTree = "<group>"; };
		3FCE9D2D1BDBC942D57E4327 /* Pods_SwiftProject.framework */ = {isa = PBXFileReference; explicitFileType = wrapper.framework; includeInIndex = 0; path = Pods_SwiftProject.framework; sourceTree = BUILT_PRODUCTS_DIR; };
		FB4100A2254ACA0E00C3CCA3 /* TabBarViewController.swift */ = {isa = PBXFileReference; lastKnownFileType = sourcecode.swift; path = TabBarViewController.swift; sourceTree = "<group>"; };
		FB4100B1254ACCD900C3CCA3 /* UBaseViewController.swift */ = {isa = PBXFileReference; lastKnownFileType = sourcecode.swift; path = UBaseViewController.swift; sourceTree = "<group>"; };
		FB4100BA254ACD2000C3CCA3 /* UIColorExtension.swift */ = {isa = PBXFileReference; lastKnownFileType = sourcecode.swift; path = UIColorExtension.swift; sourceTree = "<group>"; };
		FB4100BF254ACDA100C3CCA3 /* SwiftProject-Bridging-Header.h */ = {isa = PBXFileReference; lastKnownFileType = sourcecode.c.h; path = "SwiftProject-Bridging-Header.h"; sourceTree = "<group>"; };
		FB4100D3254ACF4000C3CCA3 /* HomeViewController.swift */ = {isa = PBXFileReference; lastKnownFileType = sourcecode.swift; path = HomeViewController.swift; sourceTree = "<group>"; };
		FB41FF16254AB49D00C3CCA3 /* SwiftProject.app */ = {isa = PBXFileReference; explicitFileType = wrapper.application; includeInIndex = 0; path = SwiftProject.app; sourceTree = BUILT_PRODUCTS_DIR; };
		FB41FF19254AB49D00C3CCA3 /* AppDelegate.swift */ = {isa = PBXFileReference; lastKnownFileType = sourcecode.swift; path = AppDelegate.swift; sourceTree = "<group>"; };
		FB41FF1B254AB49D00C3CCA3 /* SceneDelegate.swift */ = {isa = PBXFileReference; lastKnownFileType = sourcecode.swift; path = SceneDelegate.swift; sourceTree = "<group>"; };
		FB41FF20254AB49D00C3CCA3 /* Base */ = {isa = PBXFileReference; lastKnownFileType = file.storyboard; name = Base; path = Base.lproj/Main.storyboard; sourceTree = "<group>"; };
		FB41FF22254AB49E00C3CCA3 /* Assets.xcassets */ = {isa = PBXFileReference; lastKnownFileType = folder.assetcatalog; path = Assets.xcassets; sourceTree = "<group>"; };
		FB41FF25254AB49E00C3CCA3 /* Base */ = {isa = PBXFileReference; lastKnownFileType = file.storyboard; name = Base; path = Base.lproj/LaunchScreen.storyboard; sourceTree = "<group>"; };
		FB41FF27254AB49E00C3CCA3 /* Info.plist */ = {isa = PBXFileReference; lastKnownFileType = text.plist.xml; path = Info.plist; sourceTree = "<group>"; };
		FB41FF2C254AB49E00C3CCA3 /* SwiftProjectTests.xctest */ = {isa = PBXFileReference; explicitFileType = wrapper.cfbundle; includeInIndex = 0; path = SwiftProjectTests.xctest; sourceTree = BUILT_PRODUCTS_DIR; };
		FB41FF30254AB49E00C3CCA3 /* SwiftProjectTests.swift */ = {isa = PBXFileReference; lastKnownFileType = sourcecode.swift; path = SwiftProjectTests.swift; sourceTree = "<group>"; };
		FB41FF32254AB49E00C3CCA3 /* Info.plist */ = {isa = PBXFileReference; lastKnownFileType = text.plist.xml; path = Info.plist; sourceTree = "<group>"; };
		FB41FF37254AB49E00C3CCA3 /* SwiftProjectUITests.xctest */ = {isa = PBXFileReference; explicitFileType = wrapper.cfbundle; includeInIndex = 0; path = SwiftProjectUITests.xctest; sourceTree = BUILT_PRODUCTS_DIR; };
		FB41FF3B254AB49E00C3CCA3 /* SwiftProjectUITests.swift */ = {isa = PBXFileReference; lastKnownFileType = sourcecode.swift; path = SwiftProjectUITests.swift; sourceTree = "<group>"; };
		FB41FF3D254AB49E00C3CCA3 /* Info.plist */ = {isa = PBXFileReference; lastKnownFileType = text.plist.xml; path = Info.plist; sourceTree = "<group>"; };
		FB8E9A58254AD29900C96094 /* CategoryController.swift */ = {isa = PBXFileReference; lastKnownFileType = sourcecode.swift; path = CategoryController.swift; sourceTree = "<group>"; };
		FB8E9A62254AD2B500C96094 /* MineViewController.swift */ = {isa = PBXFileReference; lastKnownFileType = sourcecode.swift; path = MineViewController.swift; sourceTree = "<group>"; };
		FB8E9A6A254AD2C000C96094 /* BookShelfViewController.swift */ = {isa = PBXFileReference; lastKnownFileType = sourcecode.swift; path = BookShelfViewController.swift; sourceTree = "<group>"; };
		FB8E9A95254BA92700C96094 /* UPageViewController.swift */ = {isa = PBXFileReference; lastKnownFileType = sourcecode.swift; path = UPageViewController.swift; sourceTree = "<group>"; };
		FB8E9A9A254BE1F900C96094 /* UNavigationViewController.swift */ = {isa = PBXFileReference; lastKnownFileType = sourcecode.swift; path = UNavigationViewController.swift; sourceTree = "<group>"; };
		FB8E9AB5254BFCB500C96094 /* UBoutiqueListViewController.swift */ = {isa = PBXFileReference; lastKnownFileType = sourcecode.swift; path = UBoutiqueListViewController.swift; sourceTree = "<group>"; };
		FB8E9ABA254BFCC100C96094 /* UVIPListViewController.swift */ = {isa = PBXFileReference; lastKnownFileType = sourcecode.swift; path = UVIPListViewController.swift; sourceTree = "<group>"; };
		FB8E9ABF254BFCD300C96094 /* USubscibeListViewController.swift */ = {isa = PBXFileReference; lastKnownFileType = sourcecode.swift; path = USubscibeListViewController.swift; sourceTree = "<group>"; };
		FB8E9AC4254BFCDE00C96094 /* URankListViewController.swift */ = {isa = PBXFileReference; lastKnownFileType = sourcecode.swift; path = URankListViewController.swift; sourceTree = "<group>"; };
		FB8E9AC9254BFEDF00C96094 /* UCollectListViewController.swift */ = {isa = PBXFileReference; lastKnownFileType = sourcecode.swift; path = UCollectListViewController.swift; sourceTree = "<group>"; };
		FB8E9ACE254BFF0C00C96094 /* UDocumentListViewController.swift */ = {isa = PBXFileReference; lastKnownFileType = sourcecode.swift; path = UDocumentListViewController.swift; sourceTree = "<group>"; };
		FB8E9AD3254BFF1900C96094 /* UDownloadListViewController.swift */ = {isa = PBXFileReference; lastKnownFileType = sourcecode.swift; path = UDownloadListViewController.swift; sourceTree = "<group>"; };
		FB8E9AD9254C0B0500C96094 /* Global.swift */ = {isa = PBXFileReference; lastKnownFileType = sourcecode.swift; path = Global.swift; sourceTree = "<group>"; };
		FB8E9AE0254C0D9500C96094 /* URefresh.swift */ = {isa = PBXFileReference; lastKnownFileType = sourcecode.swift; path = URefresh.swift; sourceTree = "<group>"; };
		FB8E9AEA254C17E200C96094 /* UAPI.swift */ = {isa = PBXFileReference; lastKnownFileType = sourcecode.swift; path = UAPI.swift; sourceTree = "<group>"; };
/* End PBXFileReference section */

/* Begin PBXFrameworksBuildPhase section */
		FB41FF13254AB49D00C3CCA3 /* Frameworks */ = {
			isa = PBXFrameworksBuildPhase;
			buildActionMask = 2147483647;
			files = (
				E06969330130F1AFF7ED164F /* Pods_SwiftProject.framework in Frameworks */,
			);
			runOnlyForDeploymentPostprocessing = 0;
		};
		FB41FF29254AB49E00C3CCA3 /* Frameworks */ = {
			isa = PBXFrameworksBuildPhase;
			buildActionMask = 2147483647;
			files = (
			);
			runOnlyForDeploymentPostprocessing = 0;
		};
		FB41FF34254AB49E00C3CCA3 /* Frameworks */ = {
			isa = PBXFrameworksBuildPhase;
			buildActionMask = 2147483647;
			files = (
			);
			runOnlyForDeploymentPostprocessing = 0;
		};
/* End PBXFrameworksBuildPhase section */

/* Begin PBXGroup section */
		9C7EC76D56E9D8DA2B70903D /* Pods */ = {
			isa = PBXGroup;
			children = (
				0F4E60C374F5749581C45A3E /* Pods-SwiftProject.debug.xcconfig */,
				3799D3F16F34A21FBC5D2A64 /* Pods-SwiftProject.release.xcconfig */,
			);
			path = Pods;
			sourceTree = "<group>";
		};
		C42001DA55AED35E8F32C5BA /* Frameworks */ = {
			isa = PBXGroup;
			children = (
				3FCE9D2D1BDBC942D57E4327 /* Pods_SwiftProject.framework */,
			);
			name = Frameworks;
			sourceTree = "<group>";
		};
		FB41009A254AC95D00C3CCA3 /* Main */ = {
			isa = PBXGroup;
			children = (
				FB41FF19254AB49D00C3CCA3 /* AppDelegate.swift */,
				FB41FF1B254AB49D00C3CCA3 /* SceneDelegate.swift */,
				FB4100A2254ACA0E00C3CCA3 /* TabBarViewController.swift */,
				FB4100BF254ACDA100C3CCA3 /* SwiftProject-Bridging-Header.h */,
			);
			path = Main;
			sourceTree = "<group>";
		};
		FB41009B254AC96800C3CCA3 /* Sources */ = {
			isa = PBXGroup;
			children = (
				FB41FF1F254AB49D00C3CCA3 /* Main.storyboard */,
				FB41FF22254AB49E00C3CCA3 /* Assets.xcassets */,
				FB41FF24254AB49E00C3CCA3 /* LaunchScreen.storyboard */,
				FB41FF27254AB49E00C3CCA3 /* Info.plist */,
			);
			path = Sources;
			sourceTree = "<group>";
		};
		FB4100A7254ACBE900C3CCA3 /* Code */ = {
			isa = PBXGroup;
			children = (
				FB8E9AE9254C17D800C96094 /* API */,
				FB8E9ADE254C0CC900C96094 /* Component */,
				FB8E9AD8254C0AEE00C96094 /* PublicTool */,
				FB4100B9254ACCFB00C3CCA3 /* Extensions */,
				FB4100B0254ACCC200C3CCA3 /* Base */,
				FB4100AB254ACC1400C3CCA3 /* Bookshelf */,
				FB4100AA254ACBFD00C3CCA3 /* Category */,
				FB4100A9254ACBF700C3CCA3 /* Mine */,
				FB4100A8254ACBF200C3CCA3 /* Home */,
			);
			path = Code;
			sourceTree = "<group>";
		};
		FB4100A8254ACBF200C3CCA3 /* Home */ = {
			isa = PBXGroup;
			children = (
				FB4100AF254ACCB100C3CCA3 /* Controllers */,
			);
			path = Home;
			sourceTree = "<group>";
		};
		FB4100A9254ACBF700C3CCA3 /* Mine */ = {
			isa = PBXGroup;
			children = (
				FB8E9A61254AD2AD00C96094 /* Controllers */,
			);
			path = Mine;
			sourceTree = "<group>";
		};
		FB4100AA254ACBFD00C3CCA3 /* Category */ = {
			isa = PBXGroup;
			children = (
				FB8E9A57254AD28900C96094 /* Controlles */,
			);
			path = Category;
			sourceTree = "<group>";
		};
		FB4100AB254ACC1400C3CCA3 /* Bookshelf */ = {
			isa = PBXGroup;
			children = (
				FB8E9A60254AD29D00C96094 /* Controllers */,
			);
			path = Bookshelf;
			sourceTree = "<group>";
		};
		FB4100AF254ACCB100C3CCA3 /* Controllers */ = {
			isa = PBXGroup;
			children = (
				FB4100D3254ACF4000C3CCA3 /* HomeViewController.swift */,
				FB8E9AB5254BFCB500C96094 /* UBoutiqueListViewController.swift */,
				FB8E9ABA254BFCC100C96094 /* UVIPListViewController.swift */,
				FB8E9ABF254BFCD300C96094 /* USubscibeListViewController.swift */,
				FB8E9AC4254BFCDE00C96094 /* URankListViewController.swift */,
			);
			path = Controllers;
			sourceTree = "<group>";
		};
		FB4100B0254ACCC200C3CCA3 /* Base */ = {
			isa = PBXGroup;
			children = (
				FB4100B1254ACCD900C3CCA3 /* UBaseViewController.swift */,
				FB8E9A95254BA92700C96094 /* UPageViewController.swift */,
				FB8E9A9A254BE1F900C96094 /* UNavigationViewController.swift */,
			);
			path = Base;
			sourceTree = "<group>";
		};
		FB4100B9254ACCFB00C3CCA3 /* Extensions */ = {
			isa = PBXGroup;
			children = (
				FB4100BA254ACD2000C3CCA3 /* UIColorExtension.swift */,
			);
			path = Extensions;
			sourceTree = "<group>";
		};
		FB41FF0D254AB49D00C3CCA3 = {
			isa = PBXGroup;
			children = (
				FB41FF18254AB49D00C3CCA3 /* SwiftProject */,
				FB41FF2F254AB49E00C3CCA3 /* SwiftProjectTests */,
				FB41FF3A254AB49E00C3CCA3 /* SwiftProjectUITests */,
				FB41FF17254AB49D00C3CCA3 /* Products */,
				9C7EC76D56E9D8DA2B70903D /* Pods */,
				C42001DA55AED35E8F32C5BA /* Frameworks */,
			);
			sourceTree = "<group>";
		};
		FB41FF17254AB49D00C3CCA3 /* Products */ = {
			isa = PBXGroup;
			children = (
				FB41FF16254AB49D00C3CCA3 /* SwiftProject.app */,
				FB41FF2C254AB49E00C3CCA3 /* SwiftProjectTests.xctest */,
				FB41FF37254AB49E00C3CCA3 /* SwiftProjectUITests.xctest */,
			);
			name = Products;
			sourceTree = "<group>";
		};
		FB41FF18254AB49D00C3CCA3 /* SwiftProject */ = {
			isa = PBXGroup;
			children = (
				FB4100A7254ACBE900C3CCA3 /* Code */,
				FB41009B254AC96800C3CCA3 /* Sources */,
				FB41009A254AC95D00C3CCA3 /* Main */,
			);
			path = SwiftProject;
			sourceTree = "<group>";
		};
		FB41FF2F254AB49E00C3CCA3 /* SwiftProjectTests */ = {
			isa = PBXGroup;
			children = (
				FB41FF30254AB49E00C3CCA3 /* SwiftProjectTests.swift */,
				FB41FF32254AB49E00C3CCA3 /* Info.plist */,
			);
			path = SwiftProjectTests;
			sourceTree = "<group>";
		};
		FB41FF3A254AB49E00C3CCA3 /* SwiftProjectUITests */ = {
			isa = PBXGroup;
			children = (
				FB41FF3B254AB49E00C3CCA3 /* SwiftProjectUITests.swift */,
				FB41FF3D254AB49E00C3CCA3 /* Info.plist */,
			);
			path = SwiftProjectUITests;
			sourceTree = "<group>";
		};
		FB8E9A57254AD28900C96094 /* Controlles */ = {
			isa = PBXGroup;
			children = (
				FB8E9A58254AD29900C96094 /* CategoryController.swift */,
			);
			path = Controlles;
			sourceTree = "<group>";
		};
		FB8E9A60254AD29D00C96094 /* Controllers */ = {
			isa = PBXGroup;
			children = (
				FB8E9A6A254AD2C000C96094 /* BookShelfViewController.swift */,
				FB8E9AC9254BFEDF00C96094 /* UCollectListViewController.swift */,
				FB8E9ACE254BFF0C00C96094 /* UDocumentListViewController.swift */,
				FB8E9AD3254BFF1900C96094 /* UDownloadListViewController.swift */,
			);
			path = Controllers;
			sourceTree = "<group>";
		};
		FB8E9A61254AD2AD00C96094 /* Controllers */ = {
			isa = PBXGroup;
			children = (
				FB8E9A62254AD2B500C96094 /* MineViewController.swift */,
			);
			path = Controllers;
			sourceTree = "<group>";
		};
		FB8E9AD8254C0AEE00C96094 /* PublicTool */ = {
			isa = PBXGroup;
			children = (
				FB8E9AD9254C0B0500C96094 /* Global.swift */,
			);
			path = PublicTool;
			sourceTree = "<group>";
		};
		FB8E9ADE254C0CC900C96094 /* Component */ = {
			isa = PBXGroup;
			children = (
				FB8E9ADF254C0D8500C96094 /* Refresh */,
			);
			path = Component;
			sourceTree = "<group>";
		};
		FB8E9ADF254C0D8500C96094 /* Refresh */ = {
			isa = PBXGroup;
			children = (
				FB8E9AE0254C0D9500C96094 /* URefresh.swift */,
			);
			path = Refresh;
			sourceTree = "<group>";
		};
		FB8E9AE9254C17D800C96094 /* API */ = {
			isa = PBXGroup;
			children = (
				FB8E9AEA254C17E200C96094 /* UAPI.swift */,
			);
			path = API;
			sourceTree = "<group>";
		};
/* End PBXGroup section */

/* Begin PBXNativeTarget section */
		FB41FF15254AB49D00C3CCA3 /* SwiftProject */ = {
			isa = PBXNativeTarget;
			buildConfigurationList = FB41FF40254AB49E00C3CCA3 /* Build configuration list for PBXNativeTarget "SwiftProject" */;
			buildPhases = (
				045877C80A298B197CB0D9CA /* [CP] Check Pods Manifest.lock */,
				FB41FF12254AB49D00C3CCA3 /* Sources */,
				FB41FF13254AB49D00C3CCA3 /* Frameworks */,
				FB41FF14254AB49D00C3CCA3 /* Resources */,
				23AA1967B0350ADA830EC870 /* [CP] Embed Pods Frameworks */,
			);
			buildRules = (
			);
			dependencies = (
			);
			name = SwiftProject;
			productName = SwiftProject;
			productReference = FB41FF16254AB49D00C3CCA3 /* SwiftProject.app */;
			productType = "com.apple.product-type.application";
		};
		FB41FF2B254AB49E00C3CCA3 /* SwiftProjectTests */ = {
			isa = PBXNativeTarget;
			buildConfigurationList = FB41FF43254AB49E00C3CCA3 /* Build configuration list for PBXNativeTarget "SwiftProjectTests" */;
			buildPhases = (
				FB41FF28254AB49E00C3CCA3 /* Sources */,
				FB41FF29254AB49E00C3CCA3 /* Frameworks */,
				FB41FF2A254AB49E00C3CCA3 /* Resources */,
			);
			buildRules = (
			);
			dependencies = (
				FB41FF2E254AB49E00C3CCA3 /* PBXTargetDependency */,
			);
			name = SwiftProjectTests;
			productName = SwiftProjectTests;
			productReference = FB41FF2C254AB49E00C3CCA3 /* SwiftProjectTests.xctest */;
			productType = "com.apple.product-type.bundle.unit-test";
		};
		FB41FF36254AB49E00C3CCA3 /* SwiftProjectUITests */ = {
			isa = PBXNativeTarget;
			buildConfigurationList = FB41FF46254AB49E00C3CCA3 /* Build configuration list for PBXNativeTarget "SwiftProjectUITests" */;
			buildPhases = (
				FB41FF33254AB49E00C3CCA3 /* Sources */,
				FB41FF34254AB49E00C3CCA3 /* Frameworks */,
				FB41FF35254AB49E00C3CCA3 /* Resources */,
			);
			buildRules = (
			);
			dependencies = (
				FB41FF39254AB49E00C3CCA3 /* PBXTargetDependency */,
			);
			name = SwiftProjectUITests;
			productName = SwiftProjectUITests;
			productReference = FB41FF37254AB49E00C3CCA3 /* SwiftProjectUITests.xctest */;
			productType = "com.apple.product-type.bundle.ui-testing";
		};
/* End PBXNativeTarget section */

/* Begin PBXProject section */
		FB41FF0E254AB49D00C3CCA3 /* Project object */ = {
			isa = PBXProject;
			attributes = {
				LastSwiftUpdateCheck = 1210;
				LastUpgradeCheck = 1210;
				TargetAttributes = {
					FB41FF15254AB49D00C3CCA3 = {
						CreatedOnToolsVersion = 12.1;
						LastSwiftMigration = 1210;
					};
					FB41FF2B254AB49E00C3CCA3 = {
						CreatedOnToolsVersion = 12.1;
						TestTargetID = FB41FF15254AB49D00C3CCA3;
					};
					FB41FF36254AB49E00C3CCA3 = {
						CreatedOnToolsVersion = 12.1;
						TestTargetID = FB41FF15254AB49D00C3CCA3;
					};
				};
			};
			buildConfigurationList = FB41FF11254AB49D00C3CCA3 /* Build configuration list for PBXProject "SwiftProject" */;
			compatibilityVersion = "Xcode 9.3";
			developmentRegion = en;
			hasScannedForEncodings = 0;
			knownRegions = (
				en,
				Base,
			);
			mainGroup = FB41FF0D254AB49D00C3CCA3;
			productRefGroup = FB41FF17254AB49D00C3CCA3 /* Products */;
			projectDirPath = "";
			projectRoot = "";
			targets = (
				FB41FF15254AB49D00C3CCA3 /* SwiftProject */,
				FB41FF2B254AB49E00C3CCA3 /* SwiftProjectTests */,
				FB41FF36254AB49E00C3CCA3 /* SwiftProjectUITests */,
			);
		};
/* End PBXProject section */

/* Begin PBXResourcesBuildPhase section */
		FB41FF14254AB49D00C3CCA3 /* Resources */ = {
			isa = PBXResourcesBuildPhase;
			buildActionMask = 2147483647;
			files = (
				FB41FF26254AB49E00C3CCA3 /* LaunchScreen.storyboard in Resources */,
				FB41FF23254AB49E00C3CCA3 /* Assets.xcassets in Resources */,
				FB41FF21254AB49D00C3CCA3 /* Main.storyboard in Resources */,
			);
			runOnlyForDeploymentPostprocessing = 0;
		};
		FB41FF2A254AB49E00C3CCA3 /* Resources */ = {
			isa = PBXResourcesBuildPhase;
			buildActionMask = 2147483647;
			files = (
			);
			runOnlyForDeploymentPostprocessing = 0;
		};
		FB41FF35254AB49E00C3CCA3 /* Resources */ = {
			isa = PBXResourcesBuildPhase;
			buildActionMask = 2147483647;
			files = (
			);
			runOnlyForDeploymentPostprocessing = 0;
		};
/* End PBXResourcesBuildPhase section */

/* Begin PBXShellScriptBuildPhase section */
		045877C80A298B197CB0D9CA /* [CP] Check Pods Manifest.lock */ = {
			isa = PBXShellScriptBuildPhase;
			buildActionMask = 2147483647;
			files = (
			);
			inputFileListPaths = (
			);
			inputPaths = (
				"${PODS_PODFILE_DIR_PATH}/Podfile.lock",
				"${PODS_ROOT}/Manifest.lock",
			);
			name = "[CP] Check Pods Manifest.lock";
			outputFileListPaths = (
			);
			outputPaths = (
				"$(DERIVED_FILE_DIR)/Pods-SwiftProject-checkManifestLockResult.txt",
			);
			runOnlyForDeploymentPostprocessing = 0;
			shellPath = /bin/sh;
			shellScript = "diff \"${PODS_PODFILE_DIR_PATH}/Podfile.lock\" \"${PODS_ROOT}/Manifest.lock\" > /dev/null\nif [ $? != 0 ] ; then\n    # print error to STDERR\n    echo \"error: The sandbox is not in sync with the Podfile.lock. Run 'pod install' or update your CocoaPods installation.\" >&2\n    exit 1\nfi\n# This output is used by Xcode 'outputs' to avoid re-running this script phase.\necho \"SUCCESS\" > \"${SCRIPT_OUTPUT_FILE_0}\"\n";
			showEnvVarsInLog = 0;
		};
		23AA1967B0350ADA830EC870 /* [CP] Embed Pods Frameworks */ = {
			isa = PBXShellScriptBuildPhase;
			buildActionMask = 2147483647;
			files = (
			);
			inputFileListPaths = (
				"${PODS_ROOT}/Target Support Files/Pods-SwiftProject/Pods-SwiftProject-frameworks-${CONFIGURATION}-input-files.xcfilelist",
			);
			name = "[CP] Embed Pods Frameworks";
			outputFileListPaths = (
				"${PODS_ROOT}/Target Support Files/Pods-SwiftProject/Pods-SwiftProject-frameworks-${CONFIGURATION}-output-files.xcfilelist",
			);
			runOnlyForDeploymentPostprocessing = 0;
			shellPath = /bin/sh;
			shellScript = "\"${PODS_ROOT}/Target Support Files/Pods-SwiftProject/Pods-SwiftProject-frameworks.sh\"\n";
			showEnvVarsInLog = 0;
		};
/* End PBXShellScriptBuildPhase section */

/* Begin PBXSourcesBuildPhase section */
		FB41FF12254AB49D00C3CCA3 /* Sources */ = {
			isa = PBXSourcesBuildPhase;
			buildActionMask = 2147483647;
			files = (
				FB8E9AD4254BFF1900C96094 /* UDownloadListViewController.swift in Sources */,
				FB41FF1A254AB49D00C3CCA3 /* AppDelegate.swift in Sources */,
				FB8E9A6B254AD2C000C96094 /* BookShelfViewController.swift in Sources */,
				FB8E9AEB254C17E200C96094 /* UAPI.swift in Sources */,
				FB8E9ACA254BFEDF00C96094 /* UCollectListViewController.swift in Sources */,
				FB8E9ADA254C0B0500C96094 /* Global.swift in Sources */,
				FB4100B2254ACCD900C3CCA3 /* UBaseViewController.swift in Sources */,
				FB8E9ABB254BFCC100C96094 /* UVIPListViewController.swift in Sources */,
				FB8E9ACF254BFF0C00C96094 /* UDocumentListViewController.swift in Sources */,
				FB4100BB254ACD2000C3CCA3 /* UIColorExtension.swift in Sources */,
				FB8E9A63254AD2B500C96094 /* MineViewController.swift in Sources */,
				FB8E9A96254BA92700C96094 /* UPageViewController.swift in Sources */,
				FB8E9A59254AD29900C96094 /* CategoryController.swift in Sources */,
				FB8E9AC5254BFCDE00C96094 /* URankListViewController.swift in Sources */,
				FB8E9AE1254C0D9500C96094 /* URefresh.swift in Sources */,
				FB4100A3254ACA0E00C3CCA3 /* TabBarViewController.swift in Sources */,
				FB41FF1C254AB49D00C3CCA3 /* SceneDelegate.swift in Sources */,
				FB8E9AC0254BFCD300C96094 /* USubscibeListViewController.swift in Sources */,
				FB8E9A9B254BE1F900C96094 /* UNavigationViewController.swift in Sources */,
				FB8E9AB6254BFCB500C96094 /* UBoutiqueListViewController.swift in Sources */,
				FB4100D4254ACF4000C3CCA3 /* HomeViewController.swift in Sources */,
			);
			runOnlyForDeploymentPostprocessing = 0;
		};
		FB41FF28254AB49E00C3CCA3 /* Sources */ = {
			isa = PBXSourcesBuildPhase;
			buildActionMask = 2147483647;
			files = (
				FB41FF31254AB49E00C3CCA3 /* SwiftProjectTests.swift in Sources */,
			);
			runOnlyForDeploymentPostprocessing = 0;
		};
		FB41FF33254AB49E00C3CCA3 /* Sources */ = {
			isa = PBXSourcesBuildPhase;
			buildActionMask = 2147483647;
			files = (
				FB41FF3C254AB49E00C3CCA3 /* SwiftProjectUITests.swift in Sources */,
			);
			runOnlyForDeploymentPostprocessing = 0;
		};
/* End PBXSourcesBuildPhase section */

/* Begin PBXTargetDependency section */
		FB41FF2E254AB49E00C3CCA3 /* PBXTargetDependency */ = {
			isa = PBXTargetDependency;
			target = FB41FF15254AB49D00C3CCA3 /* SwiftProject */;
			targetProxy = FB41FF2D254AB49E00C3CCA3 /* PBXContainerItemProxy */;
		};
		FB41FF39254AB49E00C3CCA3 /* PBXTargetDependency */ = {
			isa = PBXTargetDependency;
			target = FB41FF15254AB49D00C3CCA3 /* SwiftProject */;
			targetProxy = FB41FF38254AB49E00C3CCA3 /* PBXContainerItemProxy */;
		};
/* End PBXTargetDependency section */

/* Begin PBXVariantGroup section */
		FB41FF1F254AB49D00C3CCA3 /* Main.storyboard */ = {
			isa = PBXVariantGroup;
			children = (
				FB41FF20254AB49D00C3CCA3 /* Base */,
			);
			name = Main.storyboard;
			sourceTree = "<group>";
		};
		FB41FF24254AB49E00C3CCA3 /* LaunchScreen.storyboard */ = {
			isa = PBXVariantGroup;
			children = (
				FB41FF25254AB49E00C3CCA3 /* Base */,
			);
			name = LaunchScreen.storyboard;
			sourceTree = "<group>";
		};
/* End PBXVariantGroup section */

/* Begin XCBuildConfiguration section */
		FB41FF3E254AB49E00C3CCA3 /* Debug */ = {
			isa = XCBuildConfiguration;
			buildSettings = {
				ALWAYS_SEARCH_USER_PATHS = NO;
				CLANG_ANALYZER_NONNULL = YES;
				CLANG_ANALYZER_NUMBER_OBJECT_CONVERSION = YES_AGGRESSIVE;
				CLANG_CXX_LANGUAGE_STANDARD = "gnu++14";
				CLANG_CXX_LIBRARY = "libc++";
				CLANG_ENABLE_MODULES = YES;
				CLANG_ENABLE_OBJC_ARC = YES;
				CLANG_ENABLE_OBJC_WEAK = YES;
				CLANG_WARN_BLOCK_CAPTURE_AUTORELEASING = YES;
				CLANG_WARN_BOOL_CONVERSION = YES;
				CLANG_WARN_COMMA = YES;
				CLANG_WARN_CONSTANT_CONVERSION = YES;
				CLANG_WARN_DEPRECATED_OBJC_IMPLEMENTATIONS = YES;
				CLANG_WARN_DIRECT_OBJC_ISA_USAGE = YES_ERROR;
				CLANG_WARN_DOCUMENTATION_COMMENTS = YES;
				CLANG_WARN_EMPTY_BODY = YES;
				CLANG_WARN_ENUM_CONVERSION = YES;
				CLANG_WARN_INFINITE_RECURSION = YES;
				CLANG_WARN_INT_CONVERSION = YES;
				CLANG_WARN_NON_LITERAL_NULL_CONVERSION = YES;
				CLANG_WARN_OBJC_IMPLICIT_RETAIN_SELF = YES;
				CLANG_WARN_OBJC_LITERAL_CONVERSION = YES;
				CLANG_WARN_OBJC_ROOT_CLASS = YES_ERROR;
				CLANG_WARN_QUOTED_INCLUDE_IN_FRAMEWORK_HEADER = YES;
				CLANG_WARN_RANGE_LOOP_ANALYSIS = YES;
				CLANG_WARN_STRICT_PROTOTYPES = YES;
				CLANG_WARN_SUSPICIOUS_MOVE = YES;
				CLANG_WARN_UNGUARDED_AVAILABILITY = YES_AGGRESSIVE;
				CLANG_WARN_UNREACHABLE_CODE = YES;
				CLANG_WARN__DUPLICATE_METHOD_MATCH = YES;
				COPY_PHASE_STRIP = NO;
				DEBUG_INFORMATION_FORMAT = dwarf;
				ENABLE_STRICT_OBJC_MSGSEND = YES;
				ENABLE_TESTABILITY = YES;
				GCC_C_LANGUAGE_STANDARD = gnu11;
				GCC_DYNAMIC_NO_PIC = NO;
				GCC_NO_COMMON_BLOCKS = YES;
				GCC_OPTIMIZATION_LEVEL = 0;
				GCC_PREPROCESSOR_DEFINITIONS = (
					"DEBUG=1",
					"$(inherited)",
				);
				GCC_WARN_64_TO_32_BIT_CONVERSION = YES;
				GCC_WARN_ABOUT_RETURN_TYPE = YES_ERROR;
				GCC_WARN_UNDECLARED_SELECTOR = YES;
				GCC_WARN_UNINITIALIZED_AUTOS = YES_AGGRESSIVE;
				GCC_WARN_UNUSED_FUNCTION = YES;
				GCC_WARN_UNUSED_VARIABLE = YES;
				IPHONEOS_DEPLOYMENT_TARGET = 10.0;
				MTL_ENABLE_DEBUG_INFO = INCLUDE_SOURCE;
				MTL_FAST_MATH = YES;
				ONLY_ACTIVE_ARCH = YES;
				SDKROOT = iphoneos;
				SWIFT_ACTIVE_COMPILATION_CONDITIONS = DEBUG;
				SWIFT_OPTIMIZATION_LEVEL = "-Onone";
			};
			name = Debug;
		};
		FB41FF3F254AB49E00C3CCA3 /* Release */ = {
			isa = XCBuildConfiguration;
			buildSettings = {
				ALWAYS_SEARCH_USER_PATHS = NO;
				CLANG_ANALYZER_NONNULL = YES;
				CLANG_ANALYZER_NUMBER_OBJECT_CONVERSION = YES_AGGRESSIVE;
				CLANG_CXX_LANGUAGE_STANDARD = "gnu++14";
				CLANG_CXX_LIBRARY = "libc++";
				CLANG_ENABLE_MODULES = YES;
				CLANG_ENABLE_OBJC_ARC = YES;
				CLANG_ENABLE_OBJC_WEAK = YES;
				CLANG_WARN_BLOCK_CAPTURE_AUTORELEASING = YES;
				CLANG_WARN_BOOL_CONVERSION = YES;
				CLANG_WARN_COMMA = YES;
				CLANG_WARN_CONSTANT_CONVERSION = YES;
				CLANG_WARN_DEPRECATED_OBJC_IMPLEMENTATIONS = YES;
				CLANG_WARN_DIRECT_OBJC_ISA_USAGE = YES_ERROR;
				CLANG_WARN_DOCUMENTATION_COMMENTS = YES;
				CLANG_WARN_EMPTY_BODY = YES;
				CLANG_WARN_ENUM_CONVERSION = YES;
				CLANG_WARN_INFINITE_RECURSION = YES;
				CLANG_WARN_INT_CONVERSION = YES;
				CLANG_WARN_NON_LITERAL_NULL_CONVERSION = YES;
				CLANG_WARN_OBJC_IMPLICIT_RETAIN_SELF = YES;
				CLANG_WARN_OBJC_LITERAL_CONVERSION = YES;
				CLANG_WARN_OBJC_ROOT_CLASS = YES_ERROR;
				CLANG_WARN_QUOTED_INCLUDE_IN_FRAMEWORK_HEADER = YES;
				CLANG_WARN_RANGE_LOOP_ANALYSIS = YES;
				CLANG_WARN_STRICT_PROTOTYPES = YES;
				CLANG_WARN_SUSPICIOUS_MOVE = YES;
				CLANG_WARN_UNGUARDED_AVAILABILITY = YES_AGGRESSIVE;
				CLANG_WARN_UNREACHABLE_CODE = YES;
				CLANG_WARN__DUPLICATE_METHOD_MATCH = YES;
				COPY_PHASE_STRIP = NO;
				DEBUG_INFORMATION_FORMAT = "dwarf-with-dsym";
				ENABLE_NS_ASSERTIONS = NO;
				ENABLE_STRICT_OBJC_MSGSEND = YES;
				GCC_C_LANGUAGE_STANDARD = gnu11;
				GCC_NO_COMMON_BLOCKS = YES;
				GCC_WARN_64_TO_32_BIT_CONVERSION = YES;
				GCC_WARN_ABOUT_RETURN_TYPE = YES_ERROR;
				GCC_WARN_UNDECLARED_SELECTOR = YES;
				GCC_WARN_UNINITIALIZED_AUTOS = YES_AGGRESSIVE;
				GCC_WARN_UNUSED_FUNCTION = YES;
				GCC_WARN_UNUSED_VARIABLE = YES;
				IPHONEOS_DEPLOYMENT_TARGET = 10.0;
				MTL_ENABLE_DEBUG_INFO = NO;
				MTL_FAST_MATH = YES;
				SDKROOT = iphoneos;
				SWIFT_COMPILATION_MODE = wholemodule;
				SWIFT_OPTIMIZATION_LEVEL = "-O";
				VALIDATE_PRODUCT = YES;
			};
			name = Release;
		};
		FB41FF41254AB49E00C3CCA3 /* Debug */ = {
			isa = XCBuildConfiguration;
			baseConfigurationReference = 0F4E60C374F5749581C45A3E /* Pods-SwiftProject.debug.xcconfig */;
			buildSettings = {
				ASSETCATALOG_COMPILER_APPICON_NAME = AppIcon;
				ASSETCATALOG_COMPILER_GLOBAL_ACCENT_COLOR_NAME = AccentColor;
				CLANG_ENABLE_MODULES = YES;
				CODE_SIGN_STYLE = Automatic;
				DEVELOPMENT_TEAM = A5334CNPAA;
				INFOPLIST_FILE = SwiftProject/Sources/Info.plist;
				IPHONEOS_DEPLOYMENT_TARGET = 10.0;
				LD_RUNPATH_SEARCH_PATHS = (
					"$(inherited)",
					"@executable_path/Frameworks",
				);
				PRODUCT_BUNDLE_IDENTIFIER = ningwei.com.SwiftProject;
				PRODUCT_NAME = "$(TARGET_NAME)";
				SWIFT_OBJC_BRIDGING_HEADER = "SwiftProject/Main/SwiftProject-Bridging-Header.h";
				SWIFT_OPTIMIZATION_LEVEL = "-Onone";
				SWIFT_VERSION = 5.0;
				TARGETED_DEVICE_FAMILY = 1;
			};
			name = Debug;
		};
		FB41FF42254AB49E00C3CCA3 /* Release */ = {
			isa = XCBuildConfiguration;
			baseConfigurationReference = 3799D3F16F34A21FBC5D2A64 /* Pods-SwiftProject.release.xcconfig */;
			buildSettings = {
				ASSETCATALOG_COMPILER_APPICON_NAME = AppIcon;
				ASSETCATALOG_COMPILER_GLOBAL_ACCENT_COLOR_NAME = AccentColor;
				CLANG_ENABLE_MODULES = YES;
				CODE_SIGN_STYLE = Automatic;
				DEVELOPMENT_TEAM = A5334CNPAA;
				INFOPLIST_FILE = SwiftProject/Sources/Info.plist;
				IPHONEOS_DEPLOYMENT_TARGET = 10.0;
				LD_RUNPATH_SEARCH_PATHS = (
					"$(inherited)",
					"@executable_path/Frameworks",
				);
				PRODUCT_BUNDLE_IDENTIFIER = ningwei.com.SwiftProject;
				PRODUCT_NAME = "$(TARGET_NAME)";
				SWIFT_OBJC_BRIDGING_HEADER = "SwiftProject/Main/SwiftProject-Bridging-Header.h";
				SWIFT_VERSION = 5.0;
				TARGETED_DEVICE_FAMILY = 1;
			};
			name = Release;
		};
		FB41FF44254AB49E00C3CCA3 /* Debug */ = {
			isa = XCBuildConfiguration;
			buildSettings = {
				ALWAYS_EMBED_SWIFT_STANDARD_LIBRARIES = YES;
				BUNDLE_LOADER = "$(TEST_HOST)";
				CODE_SIGN_STYLE = Automatic;
				INFOPLIST_FILE = SwiftProjectTests/Info.plist;
				IPHONEOS_DEPLOYMENT_TARGET = 14.1;
				LD_RUNPATH_SEARCH_PATHS = (
					"$(inherited)",
					"@executable_path/Frameworks",
					"@loader_path/Frameworks",
				);
				PRODUCT_BUNDLE_IDENTIFIER = ningwei.com.SwiftProjectTests;
				PRODUCT_NAME = "$(TARGET_NAME)";
				SWIFT_VERSION = 5.0;
				TARGETED_DEVICE_FAMILY = "1,2";
				TEST_HOST = "$(BUILT_PRODUCTS_DIR)/SwiftProject.app/SwiftProject";
			};
			name = Debug;
		};
		FB41FF45254AB49E00C3CCA3 /* Release */ = {
			isa = XCBuildConfiguration;
			buildSettings = {
				ALWAYS_EMBED_SWIFT_STANDARD_LIBRARIES = YES;
				BUNDLE_LOADER = "$(TEST_HOST)";
				CODE_SIGN_STYLE = Automatic;
				INFOPLIST_FILE = SwiftProjectTests/Info.plist;
				IPHONEOS_DEPLOYMENT_TARGET = 14.1;
				LD_RUNPATH_SEARCH_PATHS = (
					"$(inherited)",
					"@executable_path/Frameworks",
					"@loader_path/Frameworks",
				);
				PRODUCT_BUNDLE_IDENTIFIER = ningwei.com.SwiftProjectTests;
				PRODUCT_NAME = "$(TARGET_NAME)";
				SWIFT_VERSION = 5.0;
				TARGETED_DEVICE_FAMILY = "1,2";
				TEST_HOST = "$(BUILT_PRODUCTS_DIR)/SwiftProject.app/SwiftProject";
			};
			name = Release;
		};
		FB41FF47254AB49E00C3CCA3 /* Debug */ = {
			isa = XCBuildConfiguration;
			buildSettings = {
				ALWAYS_EMBED_SWIFT_STANDARD_LIBRARIES = YES;
				CODE_SIGN_STYLE = Automatic;
				INFOPLIST_FILE = SwiftProjectUITests/Info.plist;
				LD_RUNPATH_SEARCH_PATHS = (
					"$(inherited)",
					"@executable_path/Frameworks",
					"@loader_path/Frameworks",
				);
				PRODUCT_BUNDLE_IDENTIFIER = ningwei.com.SwiftProjectUITests;
				PRODUCT_NAME = "$(TARGET_NAME)";
				SWIFT_VERSION = 5.0;
				TARGETED_DEVICE_FAMILY = "1,2";
				TEST_TARGET_NAME = SwiftProject;
			};
			name = Debug;
		};
		FB41FF48254AB49E00C3CCA3 /* Release */ = {
			isa = XCBuildConfiguration;
			buildSettings = {
				ALWAYS_EMBED_SWIFT_STANDARD_LIBRARIES = YES;
				CODE_SIGN_STYLE = Automatic;
				INFOPLIST_FILE = SwiftProjectUITests/Info.plist;
				LD_RUNPATH_SEARCH_PATHS = (
					"$(inherited)",
					"@executable_path/Frameworks",
					"@loader_path/Frameworks",
				);
				PRODUCT_BUNDLE_IDENTIFIER = ningwei.com.SwiftProjectUITests;
				PRODUCT_NAME = "$(TARGET_NAME)";
				SWIFT_VERSION = 5.0;
				TARGETED_DEVICE_FAMILY = "1,2";
				TEST_TARGET_NAME = SwiftProject;
			};
			name = Release;
		};
/* End XCBuildConfiguration section */

/* Begin XCConfigurationList section */
		FB41FF11254AB49D00C3CCA3 /* Build configuration list for PBXProject "SwiftProject" */ = {
			isa = XCConfigurationList;
			buildConfigurations = (
				FB41FF3E254AB49E00C3CCA3 /* Debug */,
				FB41FF3F254AB49E00C3CCA3 /* Release */,
			);
			defaultConfigurationIsVisible = 0;
			defaultConfigurationName = Release;
		};
		FB41FF40254AB49E00C3CCA3 /* Build configuration list for PBXNativeTarget "SwiftProject" */ = {
			isa = XCConfigurationList;
			buildConfigurations = (
				FB41FF41254AB49E00C3CCA3 /* Debug */,
				FB41FF42254AB49E00C3CCA3 /* Release */,
			);
			defaultConfigurationIsVisible = 0;
			defaultConfigurationName = Release;
		};
		FB41FF43254AB49E00C3CCA3 /* Build configuration list for PBXNativeTarget "SwiftProjectTests" */ = {
			isa = XCConfigurationList;
			buildConfigurations = (
				FB41FF44254AB49E00C3CCA3 /* Debug */,
				FB41FF45254AB49E00C3CCA3 /* Release */,
			);
			defaultConfigurationIsVisible = 0;
			defaultConfigurationName = Release;
		};
		FB41FF46254AB49E00C3CCA3 /* Build configuration list for PBXNativeTarget "SwiftProjectUITests" */ = {
			isa = XCConfigurationList;
			buildConfigurations = (
				FB41FF47254AB49E00C3CCA3 /* Debug */,
				FB41FF48254AB49E00C3CCA3 /* Release */,
			);
			defaultConfigurationIsVisible = 0;
			defaultConfigurationName = Release;
		};
/* End XCConfigurationList section */
	};
	rootObject = FB41FF0E254AB49D00C3CCA3 /* Project object */;
}
